
Microsoft Visual Studio Solution File, Format Version 12.00
# Visual Studio Version 16
VisualStudioVersion = 16.0.32126.315
MinimumVisualStudioVersion = 10.0.40219.1
Project("{FAE04EC0-301F-11D3-BF4B-00C04F79EFBC}") = "TemplateFYMK", "TemplateFYMK\TemplateFYMK.csproj", "{D3BDDF50-8B73-4068-885C-5DA960DC90E8}"
EndProject
Global
	GlobalSection(SolutionConfigurationPlatforms) = preSolution
		Debug|Any CPU = Debug|Any CPU
		Release|Any CPU = Release|Any CPU
	EndGlobalSection
	GlobalSection(ProjectConfigurationPlatforms) = postSolution
		{D3BDDF50-8B73-4068-885C-5DA960DC90E8}.Debug|Any CPU.ActiveCfg = Debug|Any CPU
		{D3BDDF50-8B73-4068-885C-5DA960DC90E8}.Debug|Any CPU.Build.0 = Debug|Any CPU
		{D3BDDF50-8B73-4068-885C-5DA960DC90E8}.Release|Any CPU.ActiveCfg = Release|Any CPU
		{D3BDDF50-8B73-4068-885C-5DA960DC90E8}.Release|Any CPU.Build.0 = Release|Any CPU
	EndGlobalSection
	GlobalSection(SolutionProperties) = preSolution
		HideSolutionNode = FALSE
	EndGlobalSection
	GlobalSection(ExtensibilityGlobals) = postSolution
		SolutionGuid = {4ABDAD94-65D4-4E96-AB35-A719145E9FEC}
	EndGlobalSection
EndGlobal
